// !$*UTF8*$!
{
	archiveVersion = 1;
	classes = {
	};
	objectVersion = 50;
	objects = {

/* Begin PBXBuildFile section */
		631A947C25CBEB9F002F4C92 /* CoreDataIntroApp.swift in Sources */ = {isa = PBXBuildFile; fileRef = 631A947B25CBEB9F002F4C92 /* CoreDataIntroApp.swift */; };
		631A947E25CBEB9F002F4C92 /* ContentView.swift in Sources */ = {isa = PBXBuildFile; fileRef = 631A947D25CBEB9F002F4C92 /* ContentView.swift */; };
		631A948025CBEBA1002F4C92 /* Assets.xcassets in Resources */ = {isa = PBXBuildFile; fileRef = 631A947F25CBEBA1002F4C92 /* Assets.xcassets */; };
		631A948325CBEBA1002F4C92 /* Preview Assets.xcassets in Resources */ = {isa = PBXBuildFile; fileRef = 631A948225CBEBA1002F4C92 /* Preview Assets.xcassets */; };
		631A948525CBEBA1002F4C92 /* Persistence.swift in Sources */ = {isa = PBXBuildFile; fileRef = 631A948425CBEBA1002F4C92 /* Persistence.swift */; };
		631A948825CBEBA1002F4C92 /* CoreDataIntro.xcdatamodeld in Sources */ = {isa = PBXBuildFile; fileRef = 631A948625CBEBA1002F4C92 /* CoreDataIntro.xcdatamodeld */; };
		631A949325CBEBA1002F4C92 /* CoreDataIntroTests.swift in Sources */ = {isa = PBXBuildFile; fileRef = 631A949225CBEBA1002F4C92 /* CoreDataIntroTests.swift */; };
		631A949E25CBEBA2002F4C92 /* CoreDataIntroUITests.swift in Sources */ = {isa = PBXBuildFile; fileRef = 631A949D25CBEBA2002F4C92 /* CoreDataIntroUITests.swift */; };
/* End PBXBuildFile section */

/* Begin PBXContainerItemProxy section */
		631A948F25CBEBA1002F4C92 /* PBXContainerItemProxy */ = {
			isa = PBXContainerItemProxy;
			containerPortal = 631A947025CBEB9F002F4C92 /* Project object */;
			proxyType = 1;
			remoteGlobalIDString = 631A947725CBEB9F002F4C92;
			remoteInfo = CoreDataIntro;
		};
		631A949A25CBEBA2002F4C92 /* PBXContainerItemProxy */ = {
			isa = PBXContainerItemProxy;
			containerPortal = 631A947025CBEB9F002F4C92 /* Project object */;
			proxyType = 1;
			remoteGlobalIDString = 631A947725CBEB9F002F4C92;
			remoteInfo = CoreDataIntro;
		};
/* End PBXContainerItemProxy section */

/* Begin PBXFileReference section */
		631A947825CBEB9F002F4C92 /* CoreDataIntro.app */ = {isa = PBXFileReference; explicitFileType = wrapper.application; includeInIndex = 0; path = CoreDataIntro.app; sourceTree = BUILT_PRODUCTS_DIR; };
		631A947B25CBEB9F002F4C92 /* CoreDataIntroApp.swift */ = {isa = PBXFileReference; lastKnownFileType = sourcecode.swift; path = CoreDataIntroApp.swift; sourceTree = "<group>"; };
		631A947D25CBEB9F002F4C92 /* ContentView.swift */ = {isa = PBXFileReference; lastKnownFileType = sourcecode.swift; path = ContentView.swift; sourceTree = "<group>"; };
		631A947F25CBEBA1002F4C92 /* Assets.xcassets */ = {isa = PBXFileReference; lastKnownFileType = folder.assetcatalog; path = Assets.xcassets; sourceTree = "<group>"; };
		631A948225CBEBA1002F4C92 /* Preview Assets.xcassets */ = {isa = PBXFileReference; lastKnownFileType = folder.assetcatalog; path = "Preview Assets.xcassets"; sourceTree = "<group>"; };
		631A948425CBEBA1002F4C92 /* Persistence.swift */ = {isa = PBXFileReference; lastKnownFileType = sourcecode.swift; path = Persistence.swift; sourceTree = "<group>"; };
		631A948725CBEBA1002F4C92 /* CoreDataIntro.xcdatamodel */ = {isa = PBXFileReference; lastKnownFileType = wrapper.xcdatamodel; path = CoreDataIntro.xcdatamodel; sourceTree = "<group>"; };
		631A948925CBEBA1002F4C92 /* Info.plist */ = {isa = PBXFileReference; lastKnownFileType = text.plist.xml; path = Info.plist; sourceTree = "<group>"; };
		631A948E25CBEBA1002F4C92 /* CoreDataIntroTests.xctest */ = {isa = PBXFileReference; explicitFileType = wrapper.cfbundle; includeInIndex = 0; path = CoreDataIntroTests.xctest; sourceTree = BUILT_PRODUCTS_DIR; };
		631A949225CBEBA1002F4C92 /* CoreDataIntroTests.swift */ = {isa = PBXFileReference; lastKnownFileType = sourcecode.swift; path = CoreDataIntroTests.swift; sourceTree = "<group>"; };
		631A949425CBEBA1002F4C92 /* Info.plist */ = {isa = PBXFileReference; lastKnownFileType = text.plist.xml; path = Info.plist; sourceTree = "<group>"; };
		631A949925CBEBA2002F4C92 /* CoreDataIntroUITests.xctest */ = {isa = PBXFileReference; explicitFileType = wrapper.cfbundle; includeInIndex = 0; path = CoreDataIntroUITests.xctest; sourceTree = BUILT_PRODUCTS_DIR; };
		631A949D25CBEBA2002F4C92 /* CoreDataIntroUITests.swift */ = {isa = PBXFileReference; lastKnownFileType = sourcecode.swift; path = CoreDataIntroUITests.swift; sourceTree = "<group>"; };
		631A949F25CBEBA2002F4C92 /* Info.plist */ = {isa = PBXFileReference; lastKnownFileType = text.plist.xml; path = Info.plist; sourceTree = "<group>"; };
/* End PBXFileReference section */

/* Begin PBXFrameworksBuildPhase section */
		631A947525CBEB9F002F4C92 /* Frameworks */ = {
			isa = PBXFrameworksBuildPhase;
			buildActionMask = 2147483647;
			files = (
			);
			runOnlyForDeploymentPostprocessing = 0;
		};
		631A948B25CBEBA1002F4C92 /* Frameworks */ = {
			isa = PBXFrameworksBuildPhase;
			buildActionMask = 2147483647;
			files = (
			);
			runOnlyForDeploymentPostprocessing = 0;
		};
		631A949625CBEBA2002F4C92 /* Frameworks */ = {
			isa = PBXFrameworksBuildPhase;
			buildActionMask = 2147483647;
			files = (
			);
			runOnlyForDeploymentPostprocessing = 0;
		};
/* End PBXFrameworksBuildPhase section */

/* Begin PBXGroup section */
		631A946F25CBEB9F002F4C92 = {
			isa = PBXGroup;
			children = (
				631A947A25CBEB9F002F4C92 /* CoreDataIntro */,
				631A949125CBEBA1002F4C92 /* CoreDataIntroTests */,
				631A949C25CBEBA2002F4C92 /* CoreDataIntroUITests */,
				631A947925CBEB9F002F4C92 /* Products */,
			);
			sourceTree = "<group>";
		};
		631A947925CBEB9F002F4C92 /* Products */ = {
			isa = PBXGroup;
			children = (
				631A947825CBEB9F002F4C92 /* CoreDataIntro.app */,
				631A948E25CBEBA1002F4C92 /* CoreDataIntroTests.xctest */,
				631A949925CBEBA2002F4C92 /* CoreDataIntroUITests.xctest */,
			);
			name = Products;
			sourceTree = "<group>";
		};
		631A947A25CBEB9F002F4C92 /* CoreDataIntro */ = {
			isa = PBXGroup;
			children = (
				631A947B25CBEB9F002F4C92 /* CoreDataIntroApp.swift */,
				631A947D25CBEB9F002F4C92 /* ContentView.swift */,
				631A947F25CBEBA1002F4C92 /* Assets.xcassets */,
				631A948425CBEBA1002F4C92 /* Persistence.swift */,
				631A948925CBEBA1002F4C92 /* Info.plist */,
				631A948625CBEBA1002F4C92 /* CoreDataIntro.xcdatamodeld */,
				631A948125CBEBA1002F4C92 /* Preview Content */,
			);
			path = CoreDataIntro;
			sourceTree = "<group>";
		};
		631A948125CBEBA1002F4C92 /* Preview Content */ = {
			isa = PBXGroup;
			children = (
				631A948225CBEBA1002F4C92 /* Preview Assets.xcassets */,
			);
			path = "Preview Content";
			sourceTree = "<group>";
		};
		631A949125CBEBA1002F4C92 /* CoreDataIntroTests */ = {
			isa = PBXGroup;
			children = (
				631A949225CBEBA1002F4C92 /* CoreDataIntroTests.swift */,
				631A949425CBEBA1002F4C92 /* Info.plist */,
			);
			path = CoreDataIntroTests;
			sourceTree = "<group>";
		};
		631A949C25CBEBA2002F4C92 /* CoreDataIntroUITests */ = {
			isa = PBXGroup;
			children = (
				631A949D25CBEBA2002F4C92 /* CoreDataIntroUITests.swift */,
				631A949F25CBEBA2002F4C92 /* Info.plist */,
			);
			path = CoreDataIntroUITests;
			sourceTree = "<group>";
		};
/* End PBXGroup section */

/* Begin PBXNativeTarget section */
		631A947725CBEB9F002F4C92 /* CoreDataIntro */ = {
			isa = PBXNativeTarget;
			buildConfigurationList = 631A94A225CBEBA2002F4C92 /* Build configuration list for PBXNativeTarget "CoreDataIntro" */;
			buildPhases = (
				631A947425CBEB9F002F4C92 /* Sources */,
				631A947525CBEB9F002F4C92 /* Frameworks */,
				631A947625CBEB9F002F4C92 /* Resources */,
			);
			buildRules = (
			);
			dependencies = (
			);
			name = CoreDataIntro;
			productName = CoreDataIntro;
			productReference = 631A947825CBEB9F002F4C92 /* CoreDataIntro.app */;
			productType = "com.apple.product-type.application";
		};
		631A948D25CBEBA1002F4C92 /* CoreDataIntroTests */ = {
			isa = PBXNativeTarget;
			buildConfigurationList = 631A94A525CBEBA2002F4C92 /* Build configuration list for PBXNativeTarget "CoreDataIntroTests" */;
			buildPhases = (
				631A948A25CBEBA1002F4C92 /* Sources */,
				631A948B25CBEBA1002F4C92 /* Frameworks */,
				631A948C25CBEBA1002F4C92 /* Resources */,
			);
			buildRules = (
			);
			dependencies = (
				631A949025CBEBA1002F4C92 /* PBXTargetDependency */,
			);
			name = CoreDataIntroTests;
			productName = CoreDataIntroTests;
			productReference = 631A948E25CBEBA1002F4C92 /* CoreDataIntroTests.xctest */;
			productType = "com.apple.product-type.bundle.unit-test";
		};
		631A949825CBEBA2002F4C92 /* CoreDataIntroUITests */ = {
			isa = PBXNativeTarget;
			buildConfigurationList = 631A94A825CBEBA2002F4C92 /* Build configuration list for PBXNativeTarget "CoreDataIntroUITests" */;
			buildPhases = (
				631A949525CBEBA2002F4C92 /* Sources */,
				631A949625CBEBA2002F4C92 /* Frameworks */,
				631A949725CBEBA2002F4C92 /* Resources */,
			);
			buildRules = (
			);
			dependencies = (
				631A949B25CBEBA2002F4C92 /* PBXTargetDependency */,
			);
			name = CoreDataIntroUITests;
			productName = CoreDataIntroUITests;
			productReference = 631A949925CBEBA2002F4C92 /* CoreDataIntroUITests.xctest */;
			productType = "com.apple.product-type.bundle.ui-testing";
		};
/* End PBXNativeTarget section */

/* Begin PBXProject section */
		631A947025CBEB9F002F4C92 /* Project object */ = {
			isa = PBXProject;
			attributes = {
				LastSwiftUpdateCheck = 1230;
				LastUpgradeCheck = 1230;
				TargetAttributes = {
					631A947725CBEB9F002F4C92 = {
						CreatedOnToolsVersion = 12.3;
					};
					631A948D25CBEBA1002F4C92 = {
						CreatedOnToolsVersion = 12.3;
						TestTargetID = 631A947725CBEB9F002F4C92;
					};
					631A949825CBEBA2002F4C92 = {
						CreatedOnToolsVersion = 12.3;
						TestTargetID = 631A947725CBEB9F002F4C92;
					};
				};
			};
			buildConfigurationList = 631A947325CBEB9F002F4C92 /* Build configuration list for PBXProject "CoreDataIntro" */;
			compatibilityVersion = "Xcode 9.3";
			developmentRegion = en;
			hasScannedForEncodings = 0;
			knownRegions = (
				en,
				Base,
			);
			mainGroup = 631A946F25CBEB9F002F4C92;
			productRefGroup = 631A947925CBEB9F002F4C92 /* Products */;
			projectDirPath = "";
			projectRoot = "";
			targets = (
				631A947725CBEB9F002F4C92 /* CoreDataIntro */,
				631A948D25CBEBA1002F4C92 /* CoreDataIntroTests */,
				631A949825CBEBA2002F4C92 /* CoreDataIntroUITests */,
			);
		};
/* End PBXProject section */

/* Begin PBXResourcesBuildPhase section */
		631A947625CBEB9F002F4C92 /* Resources */ = {
			isa = PBXResourcesBuildPhase;
			buildActionMask = 2147483647;
			files = (
				631A948325CBEBA1002F4C92 /* Preview Assets.xcassets in Resources */,
				631A948025CBEBA1002F4C92 /* Assets.xcassets in Resources */,
			);
			runOnlyForDeploymentPostprocessing = 0;
		};
		631A948C25CBEBA1002F4C92 /* Resources */ = {
			isa = PBXResourcesBuildPhase;
			buildActionMask = 2147483647;
			files = (
			);
			runOnlyForDeploymentPostprocessing = 0;
		};
		631A949725CBEBA2002F4C92 /* Resources */ = {
			isa = PBXResourcesBuildPhase;
			buildActionMask = 2147483647;
			files = (
			);
			runOnlyForDeploymentPostprocessing = 0;
		};
/* End PBXResourcesBuildPhase section */

/* Begin PBXSourcesBuildPhase section */
		631A947425CBEB9F002F4C92 /* Sources */ = {
			isa = PBXSourcesBuildPhase;
			buildActionMask = 2147483647;
			files = (
				631A948525CBEBA1002F4C92 /* Persistence.swift in Sources */,
				631A948825CBEBA1002F4C92 /* CoreDataIntro.xcdatamodeld in Sources */,
				631A947E25CBEB9F002F4C92 /* ContentView.swift in Sources */,
				631A947C25CBEB9F002F4C92 /* CoreDataIntroApp.swift in Sources */,
			);
			runOnlyForDeploymentPostprocessing = 0;
		};
		631A948A25CBEBA1002F4C92 /* Sources */ = {
			isa = PBXSourcesBuildPhase;
			buildActionMask = 2147483647;
			files = (
				631A949325CBEBA1002F4C92 /* CoreDataIntroTests.swift in Sources */,
			);
			runOnlyForDeploymentPostprocessing = 0;
		};
		631A949525CBEBA2002F4C92 /* Sources */ = {
			isa = PBXSourcesBuildPhase;
			buildActionMask = 2147483647;
			files = (
				631A949E25CBEBA2002F4C92 /* CoreDataIntroUITests.swift in Sources */,
			);
			runOnlyForDeploymentPostprocessing = 0;
		};
/* End PBXSourcesBuildPhase section */

/* Begin PBXTargetDependency section */
		631A949025CBEBA1002F4C92 /* PBXTargetDependency */ = {
			isa = PBXTargetDependency;
			target = 631A947725CBEB9F002F4C92 /* CoreDataIntro */;
			targetProxy = 631A948F25CBEBA1002F4C92 /* PBXContainerItemProxy */;
		};
		631A949B25CBEBA2002F4C92 /* PBXTargetDependency */ = {
			isa = PBXTargetDependency;
			target = 631A947725CBEB9F002F4C92 /* CoreDataIntro */;
			targetProxy = 631A949A25CBEBA2002F4C92 /* PBXContainerItemProxy */;
		};
/* End PBXTargetDependency section */

/* Begin XCBuildConfiguration section */
		631A94A025CBEBA2002F4C92 /* Debug */ = {
			isa = XCBuildConfiguration;
			buildSettings = {
				ALWAYS_SEARCH_USER_PATHS = NO;
				CLANG_ANALYZER_NONNULL = YES;
				CLANG_ANALYZER_NUMBER_OBJECT_CONVERSION = YES_AGGRESSIVE;
				CLANG_CXX_LANGUAGE_STANDARD = "gnu++14";
				CLANG_CXX_LIBRARY = "libc++";
				CLANG_ENABLE_MODULES = YES;
				CLANG_ENABLE_OBJC_ARC = YES;
				CLANG_ENABLE_OBJC_WEAK = YES;
				CLANG_WARN_BLOCK_CAPTURE_AUTORELEASING = YES;
				CLANG_WARN_BOOL_CONVERSION = YES;
				CLANG_WARN_COMMA = YES;
				CLANG_WARN_CONSTANT_CONVERSION = YES;
				CLANG_WARN_DEPRECATED_OBJC_IMPLEMENTATIONS = YES;
				CLANG_WARN_DIRECT_OBJC_ISA_USAGE = YES_ERROR;
				CLANG_WARN_DOCUMENTATION_COMMENTS = YES;
				CLANG_WARN_EMPTY_BODY = YES;
				CLANG_WARN_ENUM_CONVERSION = YES;
				CLANG_WARN_INFINITE_RECURSION = YES;
				CLANG_WARN_INT_CONVERSION = YES;
				CLANG_WARN_NON_LITERAL_NULL_CONVERSION = YES;
				CLANG_WARN_OBJC_IMPLICIT_RETAIN_SELF = YES;
				CLANG_WARN_OBJC_LITERAL_CONVERSION = YES;
				CLANG_WARN_OBJC_ROOT_CLASS = YES_ERROR;
				CLANG_WARN_QUOTED_INCLUDE_IN_FRAMEWORK_HEADER = YES;
				CLANG_WARN_RANGE_LOOP_ANALYSIS = YES;
				CLANG_WARN_STRICT_PROTOTYPES = YES;
				CLANG_WARN_SUSPICIOUS_MOVE = YES;
				CLANG_WARN_UNGUARDED_AVAILABILITY = YES_AGGRESSIVE;
				CLANG_WARN_UNREACHABLE_CODE = YES;
				CLANG_WARN__DUPLICATE_METHOD_MATCH = YES;
				COPY_PHASE_STRIP = NO;
				DEBUG_INFORMATION_FORMAT = dwarf;
				ENABLE_STRICT_OBJC_MSGSEND = YES;
				ENABLE_TESTABILITY = YES;
				GCC_C_LANGUAGE_STANDARD = gnu11;
				GCC_DYNAMIC_NO_PIC = NO;
				GCC_NO_COMMON_BLOCKS = YES;
				GCC_OPTIMIZATION_LEVEL = 0;
				GCC_PREPROCESSOR_DEFINITIONS = (
					"DEBUG=1",
					"$(inherited)",
				);
				GCC_WARN_64_TO_32_BIT_CONVERSION = YES;
				GCC_WARN_ABOUT_RETURN_TYPE = YES_ERROR;
				GCC_WARN_UNDECLARED_SELECTOR = YES;
				GCC_WARN_UNINITIALIZED_AUTOS = YES_AGGRESSIVE;
				GCC_WARN_UNUSED_FUNCTION = YES;
				GCC_WARN_UNUSED_VARIABLE = YES;
				IPHONEOS_DEPLOYMENT_TARGET = 14.3;
				MTL_ENABLE_DEBUG_INFO = INCLUDE_SOURCE;
				MTL_FAST_MATH = YES;
				ONLY_ACTIVE_ARCH = YES;
				SDKROOT = iphoneos;
				SWIFT_ACTIVE_COMPILATION_CONDITIONS = DEBUG;
				SWIFT_OPTIMIZATION_LEVEL = "-Onone";
			};
			name = Debug;
		};
		631A94A125CBEBA2002F4C92 /* Release */ = {
			isa = XCBuildConfiguration;
			buildSettings = {
				ALWAYS_SEARCH_USER_PATHS = NO;
				CLANG_ANALYZER_NONNULL = YES;
				CLANG_ANALYZER_NUMBER_OBJECT_CONVERSION = YES_AGGRESSIVE;
				CLANG_CXX_LANGUAGE_STANDARD = "gnu++14";
				CLANG_CXX_LIBRARY = "libc++";
				CLANG_ENABLE_MODULES = YES;
				CLANG_ENABLE_OBJC_ARC = YES;
				CLANG_ENABLE_OBJC_WEAK = YES;
				CLANG_WARN_BLOCK_CAPTURE_AUTORELEASING = YES;
				CLANG_WARN_BOOL_CONVERSION = YES;
				CLANG_WARN_COMMA = YES;
				CLANG_WARN_CONSTANT_CONVERSION = YES;
				CLANG_WARN_DEPRECATED_OBJC_IMPLEMENTATIONS = YES;
				CLANG_WARN_DIRECT_OBJC_ISA_USAGE = YES_ERROR;
				CLANG_WARN_DOCUMENTATION_COMMENTS = YES;
				CLANG_WARN_EMPTY_BODY = YES;
				CLANG_WARN_ENUM_CONVERSION = YES;
				CLANG_WARN_INFINITE_RECURSION = YES;
				CLANG_WARN_INT_CONVERSION = YES;
				CLANG_WARN_NON_LITERAL_NULL_CONVERSION = YES;
				CLANG_WARN_OBJC_IMPLICIT_RETAIN_SELF = YES;
				CLANG_WARN_OBJC_LITERAL_CONVERSION = YES;
				CLANG_WARN_OBJC_ROOT_CLASS = YES_ERROR;
				CLANG_WARN_QUOTED_INCLUDE_IN_FRAMEWORK_HEADER = YES;
				CLANG_WARN_RANGE_LOOP_ANALYSIS = YES;
				CLANG_WARN_STRICT_PROTOTYPES = YES;
				CLANG_WARN_SUSPICIOUS_MOVE = YES;
				CLANG_WARN_UNGUARDED_AVAILABILITY = YES_AGGRESSIVE;
				CLANG_WARN_UNREACHABLE_CODE = YES;
				CLANG_WARN__DUPLICATE_METHOD_MATCH = YES;
				COPY_PHASE_STRIP = NO;
				DEBUG_INFORMATION_FORMAT = "dwarf-with-dsym";
				ENABLE_NS_ASSERTIONS = NO;
				ENABLE_STRICT_OBJC_MSGSEND = YES;
				GCC_C_LANGUAGE_STANDARD = gnu11;
				GCC_NO_COMMON_BLOCKS = YES;
				GCC_WARN_64_TO_32_BIT_CONVERSION = YES;
				GCC_WARN_ABOUT_RETURN_TYPE = YES_ERROR;
				GCC_WARN_UNDECLARED_SELECTOR = YES;
				GCC_WARN_UNINITIALIZED_AUTOS = YES_AGGRESSIVE;
				GCC_WARN_UNUSED_FUNCTION = YES;
				GCC_WARN_UNUSED_VARIABLE = YES;
				IPHONEOS_DEPLOYMENT_TARGET = 14.3;
				MTL_ENABLE_DEBUG_INFO = NO;
				MTL_FAST_MATH = YES;
				SDKROOT = iphoneos;
				SWIFT_COMPILATION_MODE = wholemodule;
				SWIFT_OPTIMIZATION_LEVEL = "-O";
				VALIDATE_PRODUCT = YES;
			};
			name = Release;
		};
		631A94A325CBEBA2002F4C92 /* Debug */ = {
			isa = XCBuildConfiguration;
			buildSettings = {
				ASSETCATALOG_COMPILER_APPICON_NAME = AppIcon;
				ASSETCATALOG_COMPILER_GLOBAL_ACCENT_COLOR_NAME = AccentColor;
				CODE_SIGN_STYLE = Automatic;
				DEVELOPMENT_ASSET_PATHS = "\"CoreDataIntro/Preview Content\"";
				ENABLE_PREVIEWS = YES;
				INFOPLIST_FILE = CoreDataIntro/Info.plist;
				IPHONEOS_DEPLOYMENT_TARGET = 14.0;
				LD_RUNPATH_SEARCH_PATHS = (
					"$(inherited)",
					"@executable_path/Frameworks",
				);
				PRODUCT_BUNDLE_IDENTIFIER = se.iths.au20.davidsvson.CoreDataIntro;
				PRODUCT_NAME = "$(TARGET_NAME)";
				SWIFT_VERSION = 5.0;
				TARGETED_DEVICE_FAMILY = "1,2";
			};
			name = Debug;
		};
		631A94A425CBEBA2002F4C92 /* Release */ = {
			isa = XCBuildConfiguration;
			buildSettings = {
				ASSETCATALOG_COMPILER_APPICON_NAME = AppIcon;
				ASSETCATALOG_COMPILER_GLOBAL_ACCENT_COLOR_NAME = AccentColor;
				CODE_SIGN_STYLE = Automatic;
				DEVELOPMENT_ASSET_PATHS = "\"CoreDataIntro/Preview Content\"";
				ENABLE_PREVIEWS = YES;
				INFOPLIST_FILE = CoreDataIntro/Info.plist;
				IPHONEOS_DEPLOYMENT_TARGET = 14.0;
				LD_RUNPATH_SEARCH_PATHS = (
					"$(inherited)",
					"@executable_path/Frameworks",
				);
				PRODUCT_BUNDLE_IDENTIFIER = se.iths.au20.davidsvson.CoreDataIntro;
				PRODUCT_NAME = "$(TARGET_NAME)";
				SWIFT_VERSION = 5.0;
				TARGETED_DEVICE_FAMILY = "1,2";
			};
			name = Release;
		};
		631A94A625CBEBA2002F4C92 /* Debug */ = {
			isa = XCBuildConfiguration;
			buildSettings = {
				ALWAYS_EMBED_SWIFT_STANDARD_LIBRARIES = YES;
				BUNDLE_LOADER = "$(TEST_HOST)";
				CODE_SIGN_STYLE = Automatic;
				INFOPLIST_FILE = CoreDataIntroTests/Info.plist;
				IPHONEOS_DEPLOYMENT_TARGET = 14.0;
				LD_RUNPATH_SEARCH_PATHS = (
					"$(inherited)",
					"@executable_path/Frameworks",
					"@loader_path/Frameworks",
				);
				PRODUCT_BUNDLE_IDENTIFIER = se.iths.au20.davidsvson.CoreDataIntroTests;
				PRODUCT_NAME = "$(TARGET_NAME)";
				SWIFT_VERSION = 5.0;
				TARGETED_DEVICE_FAMILY = "1,2";
				TEST_HOST = "$(BUILT_PRODUCTS_DIR)/CoreDataIntro.app/CoreDataIntro";
			};
			name = Debug;
		};
		631A94A725CBEBA2002F4C92 /* Release */ = {
			isa = XCBuildConfiguration;
			buildSettings = {
				ALWAYS_EMBED_SWIFT_STANDARD_LIBRARIES = YES;
				BUNDLE_LOADER = "$(TEST_HOST)";
				CODE_SIGN_STYLE = Automatic;
				INFOPLIST_FILE = CoreDataIntroTests/Info.plist;
				IPHONEOS_DEPLOYMENT_TARGET = 14.0;
				LD_RUNPATH_SEARCH_PATHS = (
					"$(inherited)",
					"@executable_path/Frameworks",
					"@loader_path/Frameworks",
				);
				PRODUCT_BUNDLE_IDENTIFIER = se.iths.au20.davidsvson.CoreDataIntroTests;
				PRODUCT_NAME = "$(TARGET_NAME)";
				SWIFT_VERSION = 5.0;
				TARGETED_DEVICE_FAMILY = "1,2";
				TEST_HOST = "$(BUILT_PRODUCTS_DIR)/CoreDataIntro.app/CoreDataIntro";
			};
			name = Release;
		};
		631A94A925CBEBA2002F4C92 /* Debug */ = {
			isa = XCBuildConfiguration;
			buildSettings = {
				ALWAYS_EMBED_SWIFT_STANDARD_LIBRARIES = YES;
				CODE_SIGN_STYLE = Automatic;
				INFOPLIST_FILE = CoreDataIntroUITests/Info.plist;
				LD_RUNPATH_SEARCH_PATHS = (
					"$(inherited)",
					"@executable_path/Frameworks",
					"@loader_path/Frameworks",
				);
				PRODUCT_BUNDLE_IDENTIFIER = se.iths.au20.davidsvson.CoreDataIntroUITests;
				PRODUCT_NAME = "$(TARGET_NAME)";
				SWIFT_VERSION = 5.0;
				TARGETED_DEVICE_FAMILY = "1,2";
				TEST_TARGET_NAME = CoreDataIntro;
			};
			name = Debug;
		};
		631A94AA25CBEBA2002F4C92 /* Release */ = {
			isa = XCBuildConfiguration;
			buildSettings = {
				ALWAYS_EMBED_SWIFT_STANDARD_LIBRARIES = YES;
				CODE_SIGN_STYLE = Automatic;
				INFOPLIST_FILE = CoreDataIntroUITests/Info.plist;
				LD_RUNPATH_SEARCH_PATHS = (
					"$(inherited)",
					"@executable_path/Frameworks",
					"@loader_path/Frameworks",
				);
				PRODUCT_BUNDLE_IDENTIFIER = se.iths.au20.davidsvson.CoreDataIntroUITests;
				PRODUCT_NAME = "$(TARGET_NAME)";
				SWIFT_VERSION = 5.0;
				TARGETED_DEVICE_FAMILY = "1,2";
				TEST_TARGET_NAME = CoreDataIntro;
			};
			name = Release;
		};
/* End XCBuildConfiguration section */

/* Begin XCConfigurationList section */
		631A947325CBEB9F002F4C92 /* Build configuration list for PBXProject "CoreDataIntro" */ = {
			isa = XCConfigurationList;
			buildConfigurations = (
				631A94A025CBEBA2002F4C92 /* Debug */,
				631A94A125CBEBA2002F4C92 /* Release */,
			);
			defaultConfigurationIsVisible = 0;
			defaultConfigurationName = Release;
		};
		631A94A225CBEBA2002F4C92 /* Build configuration list for PBXNativeTarget "CoreDataIntro" */ = {
			isa = XCConfigurationList;
			buildConfigurations = (
				631A94A325CBEBA2002F4C92 /* Debug */,
				631A94A425CBEBA2002F4C92 /* Release */,
			);
			defaultConfigurationIsVisible = 0;
			defaultConfigurationName = Release;
		};
		631A94A525CBEBA2002F4C92 /* Build configuration list for PBXNativeTarget "CoreDataIntroTests" */ = {
			isa = XCConfigurationList;
			buildConfigurations = (
				631A94A625CBEBA2002F4C92 /* Debug */,
				631A94A725CBEBA2002F4C92 /* Release */,
			);
			defaultConfigurationIsVisible = 0;
			defaultConfigurationName = Release;
		};
		631A94A825CBEBA2002F4C92 /* Build configuration list for PBXNativeTarget "CoreDataIntroUITests" */ = {
			isa = XCConfigurationList;
			buildConfigurations = (
				631A94A925CBEBA2002F4C92 /* Debug */,
				631A94AA25CBEBA2002F4C92 /* Release */,
			);
			defaultConfigurationIsVisible = 0;
			defaultConfigurationName = Release;
		};
/* End XCConfigurationList section */

/* Begin XCVersionGroup section */
		631A948625CBEBA1002F4C92 /* CoreDataIntro.xcdatamodeld */ = {
			isa = XCVersionGroup;
			children = (
				631A948725CBEBA1002F4C92 /* CoreDataIntro.xcdatamodel */,
			);
			currentVersion = 631A948725CBEBA1002F4C92 /* CoreDataIntro.xcdatamodel */;
			path = CoreDataIntro.xcdatamodeld;
			sourceTree = "<group>";
			versionGroupType = wrapper.xcdatamodel;
		};
/* End XCVersionGroup section */
	};
	rootObject = 631A947025CBEB9F002F4C92 /* Project object */;
}
